
Microsoft Visual Studio Solution File, Format Version 12.00
# Visual Studio Version 17
VisualStudioVersion = 17.3.32901.215
MinimumVisualStudioVersion = 10.0.40219.1
Project("{8BC9CEB8-8B4A-11D0-8D11-00A0C91BC942}") = "Engines-SDL", "Engines-SDL\Engines-SDL.vcxproj", "{F27E6555-25F2-4A5E-BE6B-E8D164928A76}"
EndProject
Project("{8BC9CEB8-8B4A-11D0-8D11-00A0C91BC942}") = "Game", "Game\Game.vcxproj", "{206C9D65-C3B0-401D-BA20-139C7020C38A}"
	ProjectSection(ProjectDependencies) = postProject
		{F27E6555-25F2-4A5E-BE6B-E8D164928A76} = {F27E6555-25F2-4A5E-BE6B-E8D164928A76}
	EndProjectSection
EndProject
Project("{8BC9CEB8-8B4A-11D0-8D11-00A0C91BC942}") = "BasicGame", "BasicGame\BasicGame.vcxproj", "{24406F5C-15E1-4A58-BF11-08E46F83ABB4}"
	ProjectSection(ProjectDependencies) = postProject
		{F27E6555-25F2-4A5E-BE6B-E8D164928A76} = {F27E6555-25F2-4A5E-BE6B-E8D164928A76}
	EndProjectSection
EndProject
Project("{8BC9CEB8-8B4A-11D0-8D11-00A0C91BC942}") = "Launcher", "Launcher\Launcher.vcxproj", "{4AE7CCC5-EBB5-43C3-8552-363692BCF4A1}"
	ProjectSection(ProjectDependencies) = postProject
		{F27E6555-25F2-4A5E-BE6B-E8D164928A76} = {F27E6555-25F2-4A5E-BE6B-E8D164928A76}
	EndProjectSection
EndProject
Project("{8BC9CEB8-8B4A-11D0-8D11-00A0C91BC942}") = "Game2", "Game2\Game2.vcxproj", "{D008D6B7-C9B9-4116-9CAB-C0728B305DD9}"
	ProjectSection(ProjectDependencies) = postProject
		{F27E6555-25F2-4A5E-BE6B-E8D164928A76} = {F27E6555-25F2-4A5E-BE6B-E8D164928A76}
	EndProjectSection
EndProject
Global
	GlobalSection(SolutionConfigurationPlatforms) = preSolution
		Debug|x64 = Debug|x64
		Debug|x86 = Debug|x86
		Release|x64 = Release|x64
		Release|x86 = Release|x86
	EndGlobalSection
	GlobalSection(ProjectConfigurationPlatforms) = postSolution
		{F27E6555-25F2-4A5E-BE6B-E8D164928A76}.Debug|x64.ActiveCfg = Debug|x64
		{F27E6555-25F2-4A5E-BE6B-E8D164928A76}.Debug|x64.Build.0 = Debug|x64
		{F27E6555-25F2-4A5E-BE6B-E8D164928A76}.Debug|x86.ActiveCfg = Debug|Win32
		{F27E6555-25F2-4A5E-BE6B-E8D164928A76}.Debug|x86.Build.0 = Debug|Win32
		{F27E6555-25F2-4A5E-BE6B-E8D164928A76}.Release|x64.ActiveCfg = Release|x64
		{F27E6555-25F2-4A5E-BE6B-E8D164928A76}.Release|x64.Build.0 = Release|x64
		{F27E6555-25F2-4A5E-BE6B-E8D164928A76}.Release|x86.ActiveCfg = Release|Win32
		{F27E6555-25F2-4A5E-BE6B-E8D164928A76}.Release|x86.Build.0 = Release|Win32
		{206C9D65-C3B0-401D-BA20-139C7020C38A}.Debug|x64.ActiveCfg = Debug|x64
		{206C9D65-C3B0-401D-BA20-139C7020C38A}.Debug|x64.Build.0 = Debug|x64
		{206C9D65-C3B0-401D-BA20-139C7020C38A}.Debug|x86.ActiveCfg = Debug|Win32
		{206C9D65-C3B0-401D-BA20-139C7020C38A}.Debug|x86.Build.0 = Debug|Win32
		{206C9D65-C3B0-401D-BA20-139C7020C38A}.Release|x64.ActiveCfg = Release|x64
		{206C9D65-C3B0-401D-BA20-139C7020C38A}.Release|x64.Build.0 = Release|x64
		{206C9D65-C3B0-401D-BA20-139C7020C38A}.Release|x86.ActiveCfg = Release|Win32
		{206C9D65-C3B0-401D-BA20-139C7020C38A}.Release|x86.Build.0 = Release|Win32
		{24406F5C-15E1-4A58-BF11-08E46F83ABB4}.Debug|x64.ActiveCfg = Debug|x64
		{24406F5C-15E1-4A58-BF11-08E46F83ABB4}.Debug|x64.Build.0 = Debug|x64
		{24406F5C-15E1-4A58-BF11-08E46F83ABB4}.Debug|x86.ActiveCfg = Debug|Win32
		{24406F5C-15E1-4A58-BF11-08E46F83ABB4}.Debug|x86.Build.0 = Debug|Win32
		{24406F5C-15E1-4A58-BF11-08E46F83ABB4}.Release|x64.ActiveCfg = Release|x64
		{24406F5C-15E1-4A58-BF11-08E46F83ABB4}.Release|x64.Build.0 = Release|x64
		{24406F5C-15E1-4A58-BF11-08E46F83ABB4}.Release|x86.ActiveCfg = Release|Win32
		{24406F5C-15E1-4A58-BF11-08E46F83ABB4}.Release|x86.Build.0 = Release|Win32
		{4AE7CCC5-EBB5-43C3-8552-363692BCF4A1}.Debug|x64.ActiveCfg = Debug|x64
		{4AE7CCC5-EBB5-43C3-8552-363692BCF4A1}.Debug|x64.Build.0 = Debug|x64
		{4AE7CCC5-EBB5-43C3-8552-363692BCF4A1}.Debug|x86.ActiveCfg = Debug|Win32
		{4AE7CCC5-EBB5-43C3-8552-363692BCF4A1}.Debug|x86.Build.0 = Debug|Win32
		{4AE7CCC5-EBB5-43C3-8552-363692BCF4A1}.Release|x64.ActiveCfg = Release|x64
		{4AE7CCC5-EBB5-43C3-8552-363692BCF4A1}.Release|x64.Build.0 = Release|x64
		{4AE7CCC5-EBB5-43C3-8552-363692BCF4A1}.Release|x86.ActiveCfg = Release|Win32
		{4AE7CCC5-EBB5-43C3-8552-363692BCF4A1}.Release|x86.Build.0 = Release|Win32
		{D008D6B7-C9B9-4116-9CAB-C0728B305DD9}.Debug|x64.ActiveCfg = Debug|x64
		{D008D6B7-C9B9-4116-9CAB-C0728B305DD9}.Debug|x64.Build.0 = Debug|x64
		{D008D6B7-C9B9-4116-9CAB-C0728B305DD9}.Debug|x86.ActiveCfg = Debug|Win32
		{D008D6B7-C9B9-4116-9CAB-C0728B305DD9}.Debug|x86.Build.0 = Debug|Win32
		{D008D6B7-C9B9-4116-9CAB-C0728B305DD9}.Release|x64.ActiveCfg = Release|x64
		{D008D6B7-C9B9-4116-9CAB-C0728B305DD9}.Release|x64.Build.0 = Release|x64
		{D008D6B7-C9B9-4116-9CAB-C0728B305DD9}.Release|x86.ActiveCfg = Release|Win32
		{D008D6B7-C9B9-4116-9CAB-C0728B305DD9}.Release|x86.Build.0 = Release|Win32
	EndGlobalSection
	GlobalSection(SolutionProperties) = preSolution
		HideSolutionNode = FALSE
	EndGlobalSection
	GlobalSection(ExtensibilityGlobals) = postSolution
		SolutionGuid = {2A88086C-3B68-4E64-8355-17A95DD8935C}
	EndGlobalSection
EndGlobal
